github.com/ugorji/go v1.2.4 h1:cTciPbZ/VSOzCLKclmssnfQ/jyoVyOcJ3aoJyUV1Urc=
github.com/ugorji/go v1.2.4/go.mod h1:EuaSCk8iZMdIspsu6HXH7X2UGKw1ezO4wCfGszGmmo4=
github.com/ugorji/go/codec v1.2.4 h1:C5VurWRRCKjuENsbM6GYVw8W++WVW9rSxoACKIvxzz8=
github.com/ugorji/go/codec v1.2.4/go.mod h1:bWBu1+kIRWcF8uMklKaJrR6fTWQOwAlrIzX22pHwryA=
